
Microsoft Visual Studio Solution File, Format Version 12.00
# Visual Studio Version 17
VisualStudioVersion = 17.3.32901.215
MinimumVisualStudioVersion = 10.0.40219.1
Project("{FAE04EC0-301F-11D3-BF4B-00C04F79EFBC}") = "alinamagazintehnica", "alinamagazintehnica\alinamagazintehnica.csproj", "{96F973AC-E03A-4D66-8943-AB862148F4A2}"
EndProject
Global
	GlobalSection(SolutionConfigurationPlatforms) = preSolution
		Debug|Any CPU = Debug|Any CPU
		Release|Any CPU = Release|Any CPU
	EndGlobalSection
	GlobalSection(ProjectConfigurationPlatforms) = postSolution
		{96F973AC-E03A-4D66-8943-AB862148F4A2}.Debug|Any CPU.ActiveCfg = Debug|Any CPU
		{96F973AC-E03A-4D66-8943-AB862148F4A2}.Debug|Any CPU.Build.0 = Debug|Any CPU
		{96F973AC-E03A-4D66-8943-AB862148F4A2}.Release|Any CPU.ActiveCfg = Release|Any CPU
		{96F973AC-E03A-4D66-8943-AB862148F4A2}.Release|Any CPU.Build.0 = Release|Any CPU
	EndGlobalSection
	GlobalSection(SolutionProperties) = preSolution
		HideSolutionNode = FALSE
	EndGlobalSection
	GlobalSection(ExtensibilityGlobals) = postSolution
		SolutionGuid = {644AE019-980F-45AB-B9FD-238A53C55576}
	EndGlobalSection
EndGlobal
